
Microsoft Visual Studio Solution File, Format Version 12.00
# Visual Studio Version 16
VisualStudioVersion = 16.0.32802.440
MinimumVisualStudioVersion = 10.0.40219.1
Project("{FAE04EC0-301F-11D3-BF4B-00C04F79EFBC}") = "DocumentsStorageHost", "DocumentsStorageHost\DocumentsStorageHost.csproj", "{1F005A87-5192-47E7-9E0E-F3A2DB694F99}"
EndProject
Project("{FAE04EC0-301F-11D3-BF4B-00C04F79EFBC}") = "DocumentsStorageWPFClient", "DocumentsStorageWPFClient\DocumentsStorageWPFClient.csproj", "{6EC4F9C9-9149-43AA-BD9B-2D1FCD408781}"
	ProjectSection(ProjectDependencies) = postProject
		{1F005A87-5192-47E7-9E0E-F3A2DB694F99} = {1F005A87-5192-47E7-9E0E-F3A2DB694F99}
	EndProjectSection
EndProject
Global
	GlobalSection(SolutionConfigurationPlatforms) = preSolution
		Debug|Any CPU = Debug|Any CPU
		Release|Any CPU = Release|Any CPU
	EndGlobalSection
	GlobalSection(ProjectConfigurationPlatforms) = postSolution
		{1F005A87-5192-47E7-9E0E-F3A2DB694F99}.Debug|Any CPU.ActiveCfg = Debug|Any CPU
		{1F005A87-5192-47E7-9E0E-F3A2DB694F99}.Debug|Any CPU.Build.0 = Debug|Any CPU
		{1F005A87-5192-47E7-9E0E-F3A2DB694F99}.Release|Any CPU.ActiveCfg = Release|Any CPU
		{1F005A87-5192-47E7-9E0E-F3A2DB694F99}.Release|Any CPU.Build.0 = Release|Any CPU
		{6EC4F9C9-9149-43AA-BD9B-2D1FCD408781}.Debug|Any CPU.ActiveCfg = Debug|Any CPU
		{6EC4F9C9-9149-43AA-BD9B-2D1FCD408781}.Debug|Any CPU.Build.0 = Debug|Any CPU
		{6EC4F9C9-9149-43AA-BD9B-2D1FCD408781}.Release|Any CPU.ActiveCfg = Release|Any CPU
		{6EC4F9C9-9149-43AA-BD9B-2D1FCD408781}.Release|Any CPU.Build.0 = Release|Any CPU
	EndGlobalSection
	GlobalSection(SolutionProperties) = preSolution
		HideSolutionNode = FALSE
	EndGlobalSection
	GlobalSection(ExtensibilityGlobals) = postSolution
		SolutionGuid = {68256811-2CFA-484C-A410-DF3192D4EB61}
	EndGlobalSection
EndGlobal
